
Microsoft Visual Studio Solution File, Format Version 12.00
# Visual Studio 15
VisualStudioVersion = 15.0.26430.13
MinimumVisualStudioVersion = 10.0.40219.1
Project("{FAE04EC0-301F-11D3-BF4B-00C04F79EFBC}") = "SinoTheWalker", "SinoTheWalker\SinoTheWalker.csproj", "{7813FD4C-F7BB-42EE-ABE3-8ED72287152C}"
EndProject
Project("{FAE04EC0-301F-11D3-BF4B-00C04F79EFBC}") = "SoftUniKaraoke", "SoftUniKaraoke\SoftUniKaraoke.csproj", "{CDD1B31B-FFDA-495A-BAA0-910AFED92920}"
EndProject
Project("{FAE04EC0-301F-11D3-BF4B-00C04F79EFBC}") = "EnduranceRally", "EnduranceRally\EnduranceRally.csproj", "{25D44045-C26E-4BF6-B5D9-80BDBA60B82B}"
EndProject
Project("{FAE04EC0-301F-11D3-BF4B-00C04F79EFBC}") = "WinningTicket", "WinningTicket\WinningTicket.csproj", "{84B4E92F-4F15-4C5D-B26C-45EB9046FE60}"
EndProject
Global
	GlobalSection(SolutionConfigurationPlatforms) = preSolution
		Debug|Any CPU = Debug|Any CPU
		Release|Any CPU = Release|Any CPU
	EndGlobalSection
	GlobalSection(ProjectConfigurationPlatforms) = postSolution
		{7813FD4C-F7BB-42EE-ABE3-8ED72287152C}.Debug|Any CPU.ActiveCfg = Debug|Any CPU
		{7813FD4C-F7BB-42EE-ABE3-8ED72287152C}.Debug|Any CPU.Build.0 = Debug|Any CPU
		{7813FD4C-F7BB-42EE-ABE3-8ED72287152C}.Release|Any CPU.ActiveCfg = Release|Any CPU
		{7813FD4C-F7BB-42EE-ABE3-8ED72287152C}.Release|Any CPU.Build.0 = Release|Any CPU
		{CDD1B31B-FFDA-495A-BAA0-910AFED92920}.Debug|Any CPU.ActiveCfg = Debug|Any CPU
		{CDD1B31B-FFDA-495A-BAA0-910AFED92920}.Debug|Any CPU.Build.0 = Debug|Any CPU
		{CDD1B31B-FFDA-495A-BAA0-910AFED92920}.Release|Any CPU.ActiveCfg = Release|Any CPU
		{CDD1B31B-FFDA-495A-BAA0-910AFED92920}.Release|Any CPU.Build.0 = Release|Any CPU
		{25D44045-C26E-4BF6-B5D9-80BDBA60B82B}.Debug|Any CPU.ActiveCfg = Debug|Any CPU
		{25D44045-C26E-4BF6-B5D9-80BDBA60B82B}.Debug|Any CPU.Build.0 = Debug|Any CPU
		{25D44045-C26E-4BF6-B5D9-80BDBA60B82B}.Release|Any CPU.ActiveCfg = Release|Any CPU
		{25D44045-C26E-4BF6-B5D9-80BDBA60B82B}.Release|Any CPU.Build.0 = Release|Any CPU
		{84B4E92F-4F15-4C5D-B26C-45EB9046FE60}.Debug|Any CPU.ActiveCfg = Debug|Any CPU
		{84B4E92F-4F15-4C5D-B26C-45EB9046FE60}.Debug|Any CPU.Build.0 = Debug|Any CPU
		{84B4E92F-4F15-4C5D-B26C-45EB9046FE60}.Release|Any CPU.ActiveCfg = Release|Any CPU
		{84B4E92F-4F15-4C5D-B26C-45EB9046FE60}.Release|Any CPU.Build.0 = Release|Any CPU
	EndGlobalSection
	GlobalSection(SolutionProperties) = preSolution
		HideSolutionNode = FALSE
	EndGlobalSection
EndGlobal
