
Microsoft Visual Studio Solution File, Format Version 12.00
# Visual Studio 15
VisualStudioVersion = 15.0.26430.13
MinimumVisualStudioVersion = 10.0.40219.1
Project("{FAE04EC0-301F-11D3-BF4B-00C04F79EFBC}") = "CharityMarathon", "CharityMarathon\CharityMarathon.csproj", "{A6C0ECAF-0BF5-4454-957C-50ADFDAFE958}"
EndProject
Project("{FAE04EC0-301F-11D3-BF4B-00C04F79EFBC}") = "LadyBugs", "LadyBugs\LadyBugs.csproj", "{3F88F192-7DF3-4ED6-891A-1A87C06B6C3E}"
EndProject
Project("{FAE04EC0-301F-11D3-BF4B-00C04F79EFBC}") = "NetherRealm", "NetherRealm\NetherRealm.csproj", "{C505119D-4028-45E3-B95A-5D169CD032CC}"
EndProject
Project("{FAE04EC0-301F-11D3-BF4B-00C04F79EFBC}") = "RoliTheCoder", "RoliTheCoder\RoliTheCoder.csproj", "{9443E373-1894-4852-8F8C-62D216288D78}"
EndProject
Global
	GlobalSection(SolutionConfigurationPlatforms) = preSolution
		Debug|Any CPU = Debug|Any CPU
		Release|Any CPU = Release|Any CPU
	EndGlobalSection
	GlobalSection(ProjectConfigurationPlatforms) = postSolution
		{A6C0ECAF-0BF5-4454-957C-50ADFDAFE958}.Debug|Any CPU.ActiveCfg = Debug|Any CPU
		{A6C0ECAF-0BF5-4454-957C-50ADFDAFE958}.Debug|Any CPU.Build.0 = Debug|Any CPU
		{A6C0ECAF-0BF5-4454-957C-50ADFDAFE958}.Release|Any CPU.ActiveCfg = Release|Any CPU
		{A6C0ECAF-0BF5-4454-957C-50ADFDAFE958}.Release|Any CPU.Build.0 = Release|Any CPU
		{3F88F192-7DF3-4ED6-891A-1A87C06B6C3E}.Debug|Any CPU.ActiveCfg = Debug|Any CPU
		{3F88F192-7DF3-4ED6-891A-1A87C06B6C3E}.Debug|Any CPU.Build.0 = Debug|Any CPU
		{3F88F192-7DF3-4ED6-891A-1A87C06B6C3E}.Release|Any CPU.ActiveCfg = Release|Any CPU
		{3F88F192-7DF3-4ED6-891A-1A87C06B6C3E}.Release|Any CPU.Build.0 = Release|Any CPU
		{C505119D-4028-45E3-B95A-5D169CD032CC}.Debug|Any CPU.ActiveCfg = Debug|Any CPU
		{C505119D-4028-45E3-B95A-5D169CD032CC}.Debug|Any CPU.Build.0 = Debug|Any CPU
		{C505119D-4028-45E3-B95A-5D169CD032CC}.Release|Any CPU.ActiveCfg = Release|Any CPU
		{C505119D-4028-45E3-B95A-5D169CD032CC}.Release|Any CPU.Build.0 = Release|Any CPU
		{9443E373-1894-4852-8F8C-62D216288D78}.Debug|Any CPU.ActiveCfg = Debug|Any CPU
		{9443E373-1894-4852-8F8C-62D216288D78}.Debug|Any CPU.Build.0 = Debug|Any CPU
		{9443E373-1894-4852-8F8C-62D216288D78}.Release|Any CPU.ActiveCfg = Release|Any CPU
		{9443E373-1894-4852-8F8C-62D216288D78}.Release|Any CPU.Build.0 = Release|Any CPU
	EndGlobalSection
	GlobalSection(SolutionProperties) = preSolution
		HideSolutionNode = FALSE
	EndGlobalSection
EndGlobal
